// !$*UTF8*$!
{
	archiveVersion = 1;
	classes = {
	};
	objectVersion = 51;
	objects = {

/* Begin PBXBuildFile section */
		76D9B58224C9EC0E003EDDBA /* receiversTableViewController.swift in Sources */ = {isa = PBXBuildFile; fileRef = 76D9B58124C9EC0E003EDDBA /* receiversTableViewController.swift */; };
		76D9B58424CA6BFE003EDDBA /* User.swift in Sources */ = {isa = PBXBuildFile; fileRef = 76D9B58324CA6BFE003EDDBA /* User.swift */; };
		76D9B58624CA8D80003EDDBA /* ViewSnapViewController.swift in Sources */ = {isa = PBXBuildFile; fileRef = 76D9B58524CA8D7F003EDDBA /* ViewSnapViewController.swift */; };
		76DE334924C8F8860046A411 /* AppDelegate.swift in Sources */ = {isa = PBXBuildFile; fileRef = 76DE334824C8F8860046A411 /* AppDelegate.swift */; };
		76DE334B24C8F8860046A411 /* SceneDelegate.swift in Sources */ = {isa = PBXBuildFile; fileRef = 76DE334A24C8F8860046A411 /* SceneDelegate.swift */; };
		76DE334D24C8F8860046A411 /* ViewController.swift in Sources */ = {isa = PBXBuildFile; fileRef = 76DE334C24C8F8860046A411 /* ViewController.swift */; };
		76DE335024C8F8860046A411 /* Main.storyboard in Resources */ = {isa = PBXBuildFile; fileRef = 76DE334E24C8F8860046A411 /* Main.storyboard */; };
		76DE335224C8F8870046A411 /* Assets.xcassets in Resources */ = {isa = PBXBuildFile; fileRef = 76DE335124C8F8870046A411 /* Assets.xcassets */; };
		76DE335524C8F8870046A411 /* LaunchScreen.storyboard in Resources */ = {isa = PBXBuildFile; fileRef = 76DE335324C8F8870046A411 /* LaunchScreen.storyboard */; };
		76DE335D24C8F9370046A411 /* GoogleService-Info.plist in Resources */ = {isa = PBXBuildFile; fileRef = 76DE335C24C8F9370046A411 /* GoogleService-Info.plist */; };
		76EFC75424C917B9006D335A /* snapsTableViewController.swift in Sources */ = {isa = PBXBuildFile; fileRef = 76EFC75324C917B9006D335A /* snapsTableViewController.swift */; };
		76EFC75624C91FB8006D335A /* sendsnapViewController.swift in Sources */ = {isa = PBXBuildFile; fileRef = 76EFC75524C91FB8006D335A /* sendsnapViewController.swift */; };
		DCCD83B539642D6B22644A7B /* Pods_snapchatApp.framework in Frameworks */ = {isa = PBXBuildFile; fileRef = DEA7A669EB7A6F6DAED02B62 /* Pods_snapchatApp.framework */; };
/* End PBXBuildFile section */

/* Begin PBXFileReference section */
		2A8684E1EB1A0AFCCDDA597A /* Pods-snapchatApp.debug.xcconfig */ = {isa = PBXFileReference; includeInIndex = 1; lastKnownFileType = text.xcconfig; name = "Pods-snapchatApp.debug.xcconfig"; path = "Target Support Files/Pods-snapchatApp/Pods-snapchatApp.debug.xcconfig"; sourceTree = "<group>"; };
		76D9B58124C9EC0E003EDDBA /* receiversTableViewController.swift */ = {isa = PBXFileReference; lastKnownFileType = sourcecode.swift; path = receiversTableViewController.swift; sourceTree = "<group>"; };
		76D9B58324CA6BFE003EDDBA /* User.swift */ = {isa = PBXFileReference; lastKnownFileType = sourcecode.swift; path = User.swift; sourceTree = "<group>"; };
		76D9B58524CA8D7F003EDDBA /* ViewSnapViewController.swift */ = {isa = PBXFileReference; lastKnownFileType = sourcecode.swift; path = ViewSnapViewController.swift; sourceTree = "<group>"; };
		76DE334524C8F8860046A411 /* snapchatApp.app */ = {isa = PBXFileReference; explicitFileType = wrapper.application; includeInIndex = 0; path = snapchatApp.app; sourceTree = BUILT_PRODUCTS_DIR; };
		76DE334824C8F8860046A411 /* AppDelegate.swift */ = {isa = PBXFileReference; lastKnownFileType = sourcecode.swift; path = AppDelegate.swift; sourceTree = "<group>"; };
		76DE334A24C8F8860046A411 /* SceneDelegate.swift */ = {isa = PBXFileReference; lastKnownFileType = sourcecode.swift; path = SceneDelegate.swift; sourceTree = "<group>"; };
		76DE334C24C8F8860046A411 /* ViewController.swift */ = {isa = PBXFileReference; lastKnownFileType = sourcecode.swift; path = ViewController.swift; sourceTree = "<group>"; };
		76DE334F24C8F8860046A411 /* Base */ = {isa = PBXFileReference; lastKnownFileType = file.storyboard; name = Base; path = Base.lproj/Main.storyboard; sourceTree = "<group>"; };
		76DE335124C8F8870046A411 /* Assets.xcassets */ = {isa = PBXFileReference; lastKnownFileType = folder.assetcatalog; path = Assets.xcassets; sourceTree = "<group>"; };
		76DE335424C8F8870046A411 /* Base */ = {isa = PBXFileReference; lastKnownFileType = file.storyboard; name = Base; path = Base.lproj/LaunchScreen.storyboard; sourceTree = "<group>"; };
		76DE335624C8F8870046A411 /* Info.plist */ = {isa = PBXFileReference; lastKnownFileType = text.plist.xml; path = Info.plist; sourceTree = "<group>"; };
		76DE335C24C8F9370046A411 /* GoogleService-Info.plist */ = {isa = PBXFileReference; fileEncoding = 4; lastKnownFileType = text.plist.xml; path = "GoogleService-Info.plist"; sourceTree = "<group>"; };
		76EFC75324C917B9006D335A /* snapsTableViewController.swift */ = {isa = PBXFileReference; lastKnownFileType = sourcecode.swift; path = snapsTableViewController.swift; sourceTree = "<group>"; };
		76EFC75524C91FB8006D335A /* sendsnapViewController.swift */ = {isa = PBXFileReference; lastKnownFileType = sourcecode.swift; path = sendsnapViewController.swift; sourceTree = "<group>"; };
		88F45F996253902A0206EC37 /* Pods-snapchatApp.release.xcconfig */ = {isa = PBXFileReference; includeInIndex = 1; lastKnownFileType = text.xcconfig; name = "Pods-snapchatApp.release.xcconfig"; path = "Target Support Files/Pods-snapchatApp/Pods-snapchatApp.release.xcconfig"; sourceTree = "<group>"; };
		DEA7A669EB7A6F6DAED02B62 /* Pods_snapchatApp.framework */ = {isa = PBXFileReference; explicitFileType = wrapper.framework; includeInIndex = 0; path = Pods_snapchatApp.framework; sourceTree = BUILT_PRODUCTS_DIR; };
/* End PBXFileReference section */

/* Begin PBXFrameworksBuildPhase section */
		76DE334224C8F8860046A411 /* Frameworks */ = {
			isa = PBXFrameworksBuildPhase;
			buildActionMask = 2147483647;
			files = (
				DCCD83B539642D6B22644A7B /* Pods_snapchatApp.framework in Frameworks */,
			);
			runOnlyForDeploymentPostprocessing = 0;
		};
/* End PBXFrameworksBuildPhase section */

/* Begin PBXGroup section */
		5F92AB03CA32B8B9A4F06CD5 /* Pods */ = {
			isa = PBXGroup;
			children = (
				2A8684E1EB1A0AFCCDDA597A /* Pods-snapchatApp.debug.xcconfig */,
				88F45F996253902A0206EC37 /* Pods-snapchatApp.release.xcconfig */,
			);
			path = Pods;
			sourceTree = "<group>";
		};
		76DE333C24C8F8860046A411 = {
			isa = PBXGroup;
			children = (
				76DE334724C8F8860046A411 /* snapchatApp */,
				76DE334624C8F8860046A411 /* Products */,
				5F92AB03CA32B8B9A4F06CD5 /* Pods */,
				87A73A310F88F1B40788A30C /* Frameworks */,
			);
			sourceTree = "<group>";
		};
		76DE334624C8F8860046A411 /* Products */ = {
			isa = PBXGroup;
			children = (
				76DE334524C8F8860046A411 /* snapchatApp.app */,
			);
			name = Products;
			sourceTree = "<group>";
		};
		76DE334724C8F8860046A411 /* snapchatApp */ = {
			isa = PBXGroup;
			children = (
				76DE334824C8F8860046A411 /* AppDelegate.swift */,
				76DE334A24C8F8860046A411 /* SceneDelegate.swift */,
				76D9B58324CA6BFE003EDDBA /* User.swift */,
				76DE334C24C8F8860046A411 /* ViewController.swift */,
				76D9B58524CA8D7F003EDDBA /* ViewSnapViewController.swift */,
				76D9B58124C9EC0E003EDDBA /* receiversTableViewController.swift */,
				76EFC75324C917B9006D335A /* snapsTableViewController.swift */,
				76EFC75524C91FB8006D335A /* sendsnapViewController.swift */,
				76DE334E24C8F8860046A411 /* Main.storyboard */,
				76DE335124C8F8870046A411 /* Assets.xcassets */,
				76DE335324C8F8870046A411 /* LaunchScreen.storyboard */,
				76DE335C24C8F9370046A411 /* GoogleService-Info.plist */,
				76DE335624C8F8870046A411 /* Info.plist */,
			);
			path = snapchatApp;
			sourceTree = "<group>";
		};
		87A73A310F88F1B40788A30C /* Frameworks */ = {
			isa = PBXGroup;
			children = (
				DEA7A669EB7A6F6DAED02B62 /* Pods_snapchatApp.framework */,
			);
			name = Frameworks;
			sourceTree = "<group>";
		};
/* End PBXGroup section */

/* Begin PBXNativeTarget section */
		76DE334424C8F8860046A411 /* snapchatApp */ = {
			isa = PBXNativeTarget;
			buildConfigurationList = 76DE335924C8F8870046A411 /* Build configuration list for PBXNativeTarget "snapchatApp" */;
			buildPhases = (
				1533798047B01B8392574208 /* [CP] Check Pods Manifest.lock */,
				76DE334124C8F8860046A411 /* Sources */,
				76DE334224C8F8860046A411 /* Frameworks */,
				76DE334324C8F8860046A411 /* Resources */,
				59AA4C515CF50C5DF480DDA7 /* [CP] Embed Pods Frameworks */,
			);
			buildRules = (
			);
			dependencies = (
			);
			name = snapchatApp;
			productName = snapchatApp;
			productReference = 76DE334524C8F8860046A411 /* snapchatApp.app */;
			productType = "com.apple.product-type.application";
		};
/* End PBXNativeTarget section */

/* Begin PBXProject section */
		76DE333D24C8F8860046A411 /* Project object */ = {
			isa = PBXProject;
			attributes = {
				LastSwiftUpdateCheck = 1130;
				LastUpgradeCheck = 1130;
				ORGANIZATIONNAME = "El nino Cholo";
				TargetAttributes = {
					76DE334424C8F8860046A411 = {
						CreatedOnToolsVersion = 11.3;
					};
				};
			};
			buildConfigurationList = 76DE334024C8F8860046A411 /* Build configuration list for PBXProject "snapchatApp" */;
			compatibilityVersion = "Xcode 9.3";
			developmentRegion = en;
			hasScannedForEncodings = 0;
			knownRegions = (
				en,
				Base,
			);
			mainGroup = 76DE333C24C8F8860046A411;
			productRefGroup = 76DE334624C8F8860046A411 /* Products */;
			projectDirPath = "";
			projectRoot = "";
			targets = (
				76DE334424C8F8860046A411 /* snapchatApp */,
			);
		};
/* End PBXProject section */

/* Begin PBXResourcesBuildPhase section */
		76DE334324C8F8860046A411 /* Resources */ = {
			isa = PBXResourcesBuildPhase;
			buildActionMask = 2147483647;
			files = (
				76DE335524C8F8870046A411 /* LaunchScreen.storyboard in Resources */,
				76DE335D24C8F9370046A411 /* GoogleService-Info.plist in Resources */,
				76DE335224C8F8870046A411 /* Assets.xcassets in Resources */,
				76DE335024C8F8860046A411 /* Main.storyboard in Resources */,
			);
			runOnlyForDeploymentPostprocessing = 0;
		};
/* End PBXResourcesBuildPhase section */

/* Begin PBXShellScriptBuildPhase section */
		1533798047B01B8392574208 /* [CP] Check Pods Manifest.lock */ = {
			isa = PBXShellScriptBuildPhase;
			buildActionMask = 2147483647;
			files = (
			);
			inputFileListPaths = (
			);
			inputPaths = (
				"${PODS_PODFILE_DIR_PATH}/Podfile.lock",
				"${PODS_ROOT}/Manifest.lock",
			);
			name = "[CP] Check Pods Manifest.lock";
			outputFileListPaths = (
			);
			outputPaths = (
				"$(DERIVED_FILE_DIR)/Pods-snapchatApp-checkManifestLockResult.txt",
			);
			runOnlyForDeploymentPostprocessing = 0;
			shellPath = /bin/sh;
			shellScript = "diff \"${PODS_PODFILE_DIR_PATH}/Podfile.lock\" \"${PODS_ROOT}/Manifest.lock\" > /dev/null\nif [ $? != 0 ] ; then\n    # print error to STDERR\n    echo \"error: The sandbox is not in sync with the Podfile.lock. Run 'pod install' or update your CocoaPods installation.\" >&2\n    exit 1\nfi\n# This output is used by Xcode 'outputs' to avoid re-running this script phase.\necho \"SUCCESS\" > \"${SCRIPT_OUTPUT_FILE_0}\"\n";
			showEnvVarsInLog = 0;
		};
		59AA4C515CF50C5DF480DDA7 /* [CP] Embed Pods Frameworks */ = {
			isa = PBXShellScriptBuildPhase;
			buildActionMask = 2147483647;
			files = (
			);
			inputFileListPaths = (
				"${PODS_ROOT}/Target Support Files/Pods-snapchatApp/Pods-snapchatApp-frameworks-${CONFIGURATION}-input-files.xcfilelist",
			);
			name = "[CP] Embed Pods Frameworks";
			outputFileListPaths = (
				"${PODS_ROOT}/Target Support Files/Pods-snapchatApp/Pods-snapchatApp-frameworks-${CONFIGURATION}-output-files.xcfilelist",
			);
			runOnlyForDeploymentPostprocessing = 0;
			shellPath = /bin/sh;
			shellScript = "\"${PODS_ROOT}/Target Support Files/Pods-snapchatApp/Pods-snapchatApp-frameworks.sh\"\n";
			showEnvVarsInLog = 0;
		};
/* End PBXShellScriptBuildPhase section */

/* Begin PBXSourcesBuildPhase section */
		76DE334124C8F8860046A411 /* Sources */ = {
			isa = PBXSourcesBuildPhase;
			buildActionMask = 2147483647;
			files = (
				76D9B58224C9EC0E003EDDBA /* receiversTableViewController.swift in Sources */,
				76EFC75624C91FB8006D335A /* sendsnapViewController.swift in Sources */,
				76DE334D24C8F8860046A411 /* ViewController.swift in Sources */,
				76D9B58624CA8D80003EDDBA /* ViewSnapViewController.swift in Sources */,
				76EFC75424C917B9006D335A /* snapsTableViewController.swift in Sources */,
				76DE334924C8F8860046A411 /* AppDelegate.swift in Sources */,
				76DE334B24C8F8860046A411 /* SceneDelegate.swift in Sources */,
				76D9B58424CA6BFE003EDDBA /* User.swift in Sources */,
			);
			runOnlyForDeploymentPostprocessing = 0;
		};
/* End PBXSourcesBuildPhase section */

/* Begin PBXVariantGroup section */
		76DE334E24C8F8860046A411 /* Main.storyboard */ = {
			isa = PBXVariantGroup;
			children = (
				76DE334F24C8F8860046A411 /* Base */,
			);
			name = Main.storyboard;
			sourceTree = "<group>";
		};
		76DE335324C8F8870046A411 /* LaunchScreen.storyboard */ = {
			isa = PBXVariantGroup;
			children = (
				76DE335424C8F8870046A411 /* Base */,
			);
			name = LaunchScreen.storyboard;
			sourceTree = "<group>";
		};
/* End PBXVariantGroup section */

/* Begin XCBuildConfiguration section */
		76DE335724C8F8870046A411 /* Debug */ = {
			isa = XCBuildConfiguration;
			buildSettings = {
				ALWAYS_SEARCH_USER_PATHS = NO;
				CLANG_ANALYZER_NONNULL = YES;
				CLANG_ANALYZER_NUMBER_OBJECT_CONVERSION = YES_AGGRESSIVE;
				CLANG_CXX_LANGUAGE_STANDARD = "gnu++14";
				CLANG_CXX_LIBRARY = "libc++";
				CLANG_ENABLE_MODULES = YES;
				CLANG_ENABLE_OBJC_ARC = YES;
				CLANG_ENABLE_OBJC_WEAK = YES;
				CLANG_WARN_BLOCK_CAPTURE_AUTORELEASING = YES;
				CLANG_WARN_BOOL_CONVERSION = YES;
				CLANG_WARN_COMMA = YES;
				CLANG_WARN_CONSTANT_CONVERSION = YES;
				CLANG_WARN_DEPRECATED_OBJC_IMPLEMENTATIONS = YES;
				CLANG_WARN_DIRECT_OBJC_ISA_USAGE = YES_ERROR;
				CLANG_WARN_DOCUMENTATION_COMMENTS = YES;
				CLANG_WARN_EMPTY_BODY = YES;
				CLANG_WARN_ENUM_CONVERSION = YES;
				CLANG_WARN_INFINITE_RECURSION = YES;
				CLANG_WARN_INT_CONVERSION = YES;
				CLANG_WARN_NON_LITERAL_NULL_CONVERSION = YES;
				CLANG_WARN_OBJC_IMPLICIT_RETAIN_SELF = YES;
				CLANG_WARN_OBJC_LITERAL_CONVERSION = YES;
				CLANG_WARN_OBJC_ROOT_CLASS = YES_ERROR;
				CLANG_WARN_RANGE_LOOP_ANALYSIS = YES;
				CLANG_WARN_STRICT_PROTOTYPES = YES;
				CLANG_WARN_SUSPICIOUS_MOVE = YES;
				CLANG_WARN_UNGUARDED_AVAILABILITY = YES_AGGRESSIVE;
				CLANG_WARN_UNREACHABLE_CODE = YES;
				CLANG_WARN__DUPLICATE_METHOD_MATCH = YES;
				COPY_PHASE_STRIP = NO;
				DEBUG_INFORMATION_FORMAT = dwarf;
				ENABLE_STRICT_OBJC_MSGSEND = YES;
				ENABLE_TESTABILITY = YES;
				GCC_C_LANGUAGE_STANDARD = gnu11;
				GCC_DYNAMIC_NO_PIC = NO;
				GCC_NO_COMMON_BLOCKS = YES;
				GCC_OPTIMIZATION_LEVEL = 0;
				GCC_PREPROCESSOR_DEFINITIONS = (
					"DEBUG=1",
					"$(inherited)",
				);
				GCC_WARN_64_TO_32_BIT_CONVERSION = YES;
				GCC_WARN_ABOUT_RETURN_TYPE = YES_ERROR;
				GCC_WARN_UNDECLARED_SELECTOR = YES;
				GCC_WARN_UNINITIALIZED_AUTOS = YES_AGGRESSIVE;
				GCC_WARN_UNUSED_FUNCTION = YES;
				GCC_WARN_UNUSED_VARIABLE = YES;
				IPHONEOS_DEPLOYMENT_TARGET = 13.2;
				MTL_ENABLE_DEBUG_INFO = INCLUDE_SOURCE;
				MTL_FAST_MATH = YES;
				ONLY_ACTIVE_ARCH = YES;
				SDKROOT = iphoneos;
				SWIFT_ACTIVE_COMPILATION_CONDITIONS = DEBUG;
				SWIFT_OPTIMIZATION_LEVEL = "-Onone";
			};
			name = Debug;
		};
		76DE335824C8F8870046A411 /* Release */ = {
			isa = XCBuildConfiguration;
			buildSettings = {
				ALWAYS_SEARCH_USER_PATHS = NO;
				CLANG_ANALYZER_NONNULL = YES;
				CLANG_ANALYZER_NUMBER_OBJECT_CONVERSION = YES_AGGRESSIVE;
				CLANG_CXX_LANGUAGE_STANDARD = "gnu++14";
				CLANG_CXX_LIBRARY = "libc++";
				CLANG_ENABLE_MODULES = YES;
				CLANG_ENABLE_OBJC_ARC = YES;
				CLANG_ENABLE_OBJC_WEAK = YES;
				CLANG_WARN_BLOCK_CAPTURE_AUTORELEASING = YES;
				CLANG_WARN_BOOL_CONVERSION = YES;
				CLANG_WARN_COMMA = YES;
				CLANG_WARN_CONSTANT_CONVERSION = YES;
				CLANG_WARN_DEPRECATED_OBJC_IMPLEMENTATIONS = YES;
				CLANG_WARN_DIRECT_OBJC_ISA_USAGE = YES_ERROR;
				CLANG_WARN_DOCUMENTATION_COMMENTS = YES;
				CLANG_WARN_EMPTY_BODY = YES;
				CLANG_WARN_ENUM_CONVERSION = YES;
				CLANG_WARN_INFINITE_RECURSION = YES;
				CLANG_WARN_INT_CONVERSION = YES;
				CLANG_WARN_NON_LITERAL_NULL_CONVERSION = YES;
				CLANG_WARN_OBJC_IMPLICIT_RETAIN_SELF = YES;
				CLANG_WARN_OBJC_LITERAL_CONVERSION = YES;
				CLANG_WARN_OBJC_ROOT_CLASS = YES_ERROR;
				CLANG_WARN_RANGE_LOOP_ANALYSIS = YES;
				CLANG_WARN_STRICT_PROTOTYPES = YES;
				CLANG_WARN_SUSPICIOUS_MOVE = YES;
				CLANG_WARN_UNGUARDED_AVAILABILITY = YES_AGGRESSIVE;
				CLANG_WARN_UNREACHABLE_CODE = YES;
				CLANG_WARN__DUPLICATE_METHOD_MATCH = YES;
				COPY_PHASE_STRIP = NO;
				DEBUG_INFORMATION_FORMAT = "dwarf-with-dsym";
				ENABLE_NS_ASSERTIONS = NO;
				ENABLE_STRICT_OBJC_MSGSEND = YES;
				GCC_C_LANGUAGE_STANDARD = gnu11;
				GCC_NO_COMMON_BLOCKS = YES;
				GCC_WARN_64_TO_32_BIT_CONVERSION = YES;
				GCC_WARN_ABOUT_RETURN_TYPE = YES_ERROR;
				GCC_WARN_UNDECLARED_SELECTOR = YES;
				GCC_WARN_UNINITIALIZED_AUTOS = YES_AGGRESSIVE;
				GCC_WARN_UNUSED_FUNCTION = YES;
				GCC_WARN_UNUSED_VARIABLE = YES;
				IPHONEOS_DEPLOYMENT_TARGET = 13.2;
				MTL_ENABLE_DEBUG_INFO = NO;
				MTL_FAST_MATH = YES;
				SDKROOT = iphoneos;
				SWIFT_COMPILATION_MODE = wholemodule;
				SWIFT_OPTIMIZATION_LEVEL = "-O";
				VALIDATE_PRODUCT = YES;
			};
			name = Release;
		};
		76DE335A24C8F8870046A411 /* Debug */ = {
			isa = XCBuildConfiguration;
			baseConfigurationReference = 2A8684E1EB1A0AFCCDDA597A /* Pods-snapchatApp.debug.xcconfig */;
			buildSettings = {
				ASSETCATALOG_COMPILER_APPICON_NAME = AppIcon;
				CODE_SIGN_STYLE = Automatic;
				DEVELOPMENT_TEAM = SH48NLQR9Y;
				INFOPLIST_FILE = snapchatApp/Info.plist;
				LD_RUNPATH_SEARCH_PATHS = (
					"$(inherited)",
					"@executable_path/Frameworks",
				);
				PRODUCT_BUNDLE_IDENTIFIER = notesApp.snapchatApp;
				PRODUCT_NAME = "$(TARGET_NAME)";
				SWIFT_VERSION = 5.0;
				TARGETED_DEVICE_FAMILY = "1,2";
			};
			name = Debug;
		};
		76DE335B24C8F8870046A411 /* Release */ = {
			isa = XCBuildConfiguration;
			baseConfigurationReference = 88F45F996253902A0206EC37 /* Pods-snapchatApp.release.xcconfig */;
			buildSettings = {
				ASSETCATALOG_COMPILER_APPICON_NAME = AppIcon;
				CODE_SIGN_STYLE = Automatic;
				DEVELOPMENT_TEAM = SH48NLQR9Y;
				INFOPLIST_FILE = snapchatApp/Info.plist;
				LD_RUNPATH_SEARCH_PATHS = (
					"$(inherited)",
					"@executable_path/Frameworks",
				);
				PRODUCT_BUNDLE_IDENTIFIER = notesApp.snapchatApp;
				PRODUCT_NAME = "$(TARGET_NAME)";
				SWIFT_VERSION = 5.0;
				TARGETED_DEVICE_FAMILY = "1,2";
			};
			name = Release;
		};
/* End XCBuildConfiguration section */

/* Begin XCConfigurationList section */
		76DE334024C8F8860046A411 /* Build configuration list for PBXProject "snapchatApp" */ = {
			isa = XCConfigurationList;
			buildConfigurations = (
				76DE335724C8F8870046A411 /* Debug */,
				76DE335824C8F8870046A411 /* Release */,
			);
			defaultConfigurationIsVisible = 0;
			defaultConfigurationName = Release;
		};
		76DE335924C8F8870046A411 /* Build configuration list for PBXNativeTarget "snapchatApp" */ = {
			isa = XCConfigurationList;
			buildConfigurations = (
				76DE335A24C8F8870046A411 /* Debug */,
				76DE335B24C8F8870046A411 /* Release */,
			);
			defaultConfigurationIsVisible = 0;
			defaultConfigurationName = Release;
		};
/* End XCConfigurationList section */
	};
	rootObject = 76DE333D24C8F8860046A411 /* Project object */;
}
